
Microsoft Visual Studio Solution File, Format Version 12.00
# Visual Studio Version 16
VisualStudioVersion = 16.0.29806.167
MinimumVisualStudioVersion = 10.0.40219.1
Project("{888888A0-9F3D-457C-B088-3A5042F75D52}") = "algoexamples", "twonumbersum\algoexamples.pyproj", "{6F60E707-252F-4D56-B246-21B3DA29C251}"
EndProject
Global
	GlobalSection(SolutionConfigurationPlatforms) = preSolution
		Debug|Any CPU = Debug|Any CPU
		Release|Any CPU = Release|Any CPU
	EndGlobalSection
	GlobalSection(ProjectConfigurationPlatforms) = postSolution
		{6F60E707-252F-4D56-B246-21B3DA29C251}.Debug|Any CPU.ActiveCfg = Debug|Any CPU
		{6F60E707-252F-4D56-B246-21B3DA29C251}.Release|Any CPU.ActiveCfg = Release|Any CPU
	EndGlobalSection
	GlobalSection(SolutionProperties) = preSolution
		HideSolutionNode = FALSE
	EndGlobalSection
	GlobalSection(ExtensibilityGlobals) = postSolution
		SolutionGuid = {7C8D1450-5DBD-410B-87D9-720CC16805F3}
	EndGlobalSection
EndGlobal
